
Microsoft Visual Studio Solution File, Format Version 12.00
# Visual Studio Version 17
VisualStudioVersion = 17.9.34622.214
MinimumVisualStudioVersion = 10.0.40219.1
Project("{9A19103F-16F7-4668-BE54-9A1E7A4F7556}") = "yourFirstJobBack", "yourFirstJobBack\yourFirstJobBack.csproj", "{FF445C9F-C32C-467C-AC7B-316D5E897C40}"
EndProject
Project("{FAE04EC0-301F-11D3-BF4B-00C04F79EFBC}") = "API", "API\API.csproj", "{DFA4A278-9C23-4A10-9A70-A8BD4B8BCC83}"
EndProject
Global
	GlobalSection(SolutionConfigurationPlatforms) = preSolution
		Debug|Any CPU = Debug|Any CPU
		Release|Any CPU = Release|Any CPU
	EndGlobalSection
	GlobalSection(ProjectConfigurationPlatforms) = postSolution
		{FF445C9F-C32C-467C-AC7B-316D5E897C40}.Debug|Any CPU.ActiveCfg = Debug|Any CPU
		{FF445C9F-C32C-467C-AC7B-316D5E897C40}.Debug|Any CPU.Build.0 = Debug|Any CPU
		{FF445C9F-C32C-467C-AC7B-316D5E897C40}.Release|Any CPU.ActiveCfg = Release|Any CPU
		{FF445C9F-C32C-467C-AC7B-316D5E897C40}.Release|Any CPU.Build.0 = Release|Any CPU
		{DFA4A278-9C23-4A10-9A70-A8BD4B8BCC83}.Debug|Any CPU.ActiveCfg = Debug|Any CPU
		{DFA4A278-9C23-4A10-9A70-A8BD4B8BCC83}.Debug|Any CPU.Build.0 = Debug|Any CPU
		{DFA4A278-9C23-4A10-9A70-A8BD4B8BCC83}.Release|Any CPU.ActiveCfg = Release|Any CPU
		{DFA4A278-9C23-4A10-9A70-A8BD4B8BCC83}.Release|Any CPU.Build.0 = Release|Any CPU
	EndGlobalSection
	GlobalSection(SolutionProperties) = preSolution
		HideSolutionNode = FALSE
	EndGlobalSection
	GlobalSection(ExtensibilityGlobals) = postSolution
		SolutionGuid = {87A2A9F0-82A0-43DA-96C4-863AD0A964E1}
	EndGlobalSection
EndGlobal
